schema: '2.0'
stages:
  load_data:
    cmd: python src/load_data.py --config=params.yaml
    deps:
    - path: data_given/Admission_Prediction.csv
      md5: 596ffb8fe247c9f7eee70834ab7fecc8
      size: 16087
    - path: src/get_data.py
      md5: db7730736da9e3274083bc90eccf7000
      size: 682
    - path: src/load_data.py
      md5: bf9ea6e0fcd2ef3899ba4c7d8292dec1
      size: 666
    outs:
    - path: data/raw/Admission_Prediction.csv
      md5: 1f034b82d2bbc5302aa8a75b3e2f028d
      size: 20135
  split_data:
    cmd: python src/split_data.py --config=params.yaml
    deps:
    - path: data/raw/Admission_Prediction1.csv
      md5: 07405fa8d1f90de10f6574c9ea914327
      size: 71565
    - path: src/split_data.py
      md5: ed6a557f51c93fc3ddfd9fc5c3d36ac8
      size: 1127
    params:
      params.yaml:
        split_data.random_state: 100
        split_data.test_size: 0.2
    outs:
    - path: data/processed/test_Admission.csv
      md5: 2b96296c6736d6a908ab689a8aacca32
      size: 14138
    - path: data/processed/train_Admission.csv
      md5: 3074fcbf55ee75837306901788b1698f
      size: 56385
  process_data:
    cmd: python src/EDA.py --config=params.yaml
    deps:
    - path: data/raw/Admission_Prediction.csv
      md5: 1f034b82d2bbc5302aa8a75b3e2f028d
      size: 20135
    - path: src/get_data.py
      md5: db7730736da9e3274083bc90eccf7000
      size: 682
    - path: src/load_data.py
      md5: bf9ea6e0fcd2ef3899ba4c7d8292dec1
      size: 666
    outs:
    - path: data/raw/Admission_Prediction1.csv
      md5: 07405fa8d1f90de10f6574c9ea914327
      size: 71565
  train_and_evaluate:
    cmd: python src/model_build.py --config=params.yaml
    deps:
    - path: data/processed/test_Admission.csv
      md5: 2b96296c6736d6a908ab689a8aacca32
      size: 14138
    - path: data/processed/train_Admission.csv
      md5: 3074fcbf55ee75837306901788b1698f
      size: 56385
    - path: src/get_data.py
      md5: db7730736da9e3274083bc90eccf7000
      size: 682
    - path: src/model_build.py
      md5: 2c73168ae30548a2ce937fea3cafd2c8
      size: 2927
    params:
      params.yaml:
        estimators.ElasticNet.params.cv: 50
        estimators.ElasticNet.params.normalize: true
    outs:
    - path: report/params.json
      md5: 570f2c9766296d90277983ecb3d7d51d
      size: 63
    - path: report/scores.json
      md5: 0e9752ec123fe76adf9a7bbb8795ef75
      size: 106
    - path: saved_models/model.joblib
      md5: 16342b12e162eb2f9f2141d1478f527a
      size: 791
