schema: '2.0'
stages:
  load_data:
    cmd: python src/load_data.py --config=params.yaml
    deps:
    - path: data_given/Admission_Prediction.csv
      md5: 596ffb8fe247c9f7eee70834ab7fecc8
      size: 16087
    - path: src/get_data.py
      md5: db7730736da9e3274083bc90eccf7000
      size: 682
    - path: src/load_data.py
      md5: bf9ea6e0fcd2ef3899ba4c7d8292dec1
      size: 666
    outs:
    - path: data/raw/Admission_Prediction.csv
      md5: 1f034b82d2bbc5302aa8a75b3e2f028d
      size: 20135
  split_data:
    cmd: python src/split_data.py --config=params.yaml
    deps:
    - path: data/raw/Admission_Prediction1.csv
      md5: 54ac61a22395b939b85f38b63abc1c8d
      size: 18952
    - path: src/split_data.py
      md5: 81c86848766b2a68f52ce2e47f120c13
      size: 1121
    outs:
    - path: data/processed/test_Admission.csv
      md5: 476aebb6014fe472b0d2b8d1a14497b5
      size: 3860
    - path: data/processed/train_Admission.csv
      md5: 3f6d06d8b521006a718b3ab07aa896fd
      size: 15161
  process_data:
    cmd: python src/EDA.py --config=params.yaml
    deps:
    - path: data_given/Admission_Prediction.csv
      md5: 596ffb8fe247c9f7eee70834ab7fecc8
      size: 16087
    - path: src/get_data.py
      md5: db7730736da9e3274083bc90eccf7000
      size: 682
    - path: src/load_data.py
      md5: bf9ea6e0fcd2ef3899ba4c7d8292dec1
      size: 666
    outs:
    - path: data/raw/Admission_Prediction1.csv
      md5: 54ac61a22395b939b85f38b63abc1c8d
      size: 18952
