schema: '2.0'
stages:
  load_data:
    cmd: python src/load_data.py --config=params.yaml
    deps:
    - path: data_given/Admission_Prediction.csv
      md5: 8bc9b75372a1874aa9edb6554fa4b944
      size: 16086
    - path: src/get_data.py
      md5: db7730736da9e3274083bc90eccf7000
      size: 682
    - path: src/load_data.py
      md5: 96dd3a14226e6627a619dcf6c01c9783
      size: 664
    outs:
    - path: data/raw/Admission_Prediction.csv
      md5: 0f072f1fa4641788ab7a52248125af14
      size: 20134
  split_data:
    cmd: python src/split_data.py --config=params.yaml
    deps:
    - path: data/raw/Admission_Prediction1.csv
      md5: 68a1f901fd75ff8df034e4e7c5143711
      size: 71565
    - path: src/split_data.py
      md5: ed6a557f51c93fc3ddfd9fc5c3d36ac8
      size: 1127
    params:
      params.yaml:
        split_data.random_state: 100
        split_data.test_size: 0.25
    outs:
    - path: data/processed/test_Admission.csv
      md5: e4b7ea92188ccda0123ab70233031ba6
      size: 17680
    - path: data/processed/train_Admission.csv
      md5: c30417b80ea61e2a09e940f08063dfa1
      size: 52843
  process_data:
    cmd: python src/EDA.py --config=params.yaml
    deps:
    - path: data/raw/Admission_Prediction.csv
      md5: 0f072f1fa4641788ab7a52248125af14
      size: 20134
    - path: src/get_data.py
      md5: db7730736da9e3274083bc90eccf7000
      size: 682
    - path: src/load_data.py
      md5: 96dd3a14226e6627a619dcf6c01c9783
      size: 664
    outs:
    - path: data/raw/Admission_Prediction1.csv
      md5: 68a1f901fd75ff8df034e4e7c5143711
      size: 71565
  train_and_evaluate:
    cmd: python src/model_build.py --config=params.yaml
    deps:
    - path: data/processed/test_Admission.csv
      md5: e4b7ea92188ccda0123ab70233031ba6
      size: 17680
    - path: data/processed/train_Admission.csv
      md5: c30417b80ea61e2a09e940f08063dfa1
      size: 52843
    - path: src/get_data.py
      md5: db7730736da9e3274083bc90eccf7000
      size: 682
    - path: src/model_build.py
      md5: 2c73168ae30548a2ce937fea3cafd2c8
      size: 2927
    params:
      params.yaml:
        estimators.ElasticNet.params.cv: 50
        estimators.ElasticNet.params.normalize: true
    outs:
    - path: report/params.json
      md5: 4b2d82df25987871947735c6ff3e8712
      size: 61
    - path: report/scores.json
      md5: 72d931b1f248f6ca4bedde83a36aef09
      size: 106
    - path: saved_models/model.joblib
      md5: b54cc0140cc65b7a21828ea2e6666605
      size: 791
